github.com/go-chi/chi/v5 v5.2.1 h1:KOIHODQj58PmL80G2Eak4WdvUzjSJSm0vG72crDCqb8=
github.com/go-chi/chi/v5 v5.2.1/go.mod h1:L2yAIGWB3H+phAw1NxKwWM+7eUH/lU8pOMm5hHcoops=
github.com/tortlewortle/yaigo v0.0.12 h1:zyp3ryZ0vR0/ryYSTsCt6GUnVn2ud29eW7BcbJXKuwM=
github.com/tortlewortle/yaigo v0.0.12/go.mod h1:xtgDijDqFPn/4CMa00T32EAAMENIGHPTM6KsTA2hIN8=
golang.org/x/sync v0.11.0 h1:GGz8+XQP4FvTTrjZPzNKTMFtSXH80RAzG+5ghFPgK9w=
golang.org/x/sync v0.11.0/go.mod h1:Czt+wKu1gCyEFDUtn0jG5QVvpJ6rzVqr5aXyt9drQfk=
